
Microsoft Visual Studio Solution File, Format Version 12.00
# Visual Studio Version 17
VisualStudioVersion = 17.5.002.0
MinimumVisualStudioVersion = 10.0.40219.1
Project("{9A19103F-16F7-4668-BE54-9A1E7A4F7556}") = "allForOneEndpoints", "allForOneEndpoints.csproj", "{13BEF39E-B1FD-438F-BE95-C5BEDDAF5405}"
EndProject
Global
	GlobalSection(SolutionConfigurationPlatforms) = preSolution
		Debug|Any CPU = Debug|Any CPU
		Release|Any CPU = Release|Any CPU
	EndGlobalSection
	GlobalSection(ProjectConfigurationPlatforms) = postSolution
		{13BEF39E-B1FD-438F-BE95-C5BEDDAF5405}.Debug|Any CPU.ActiveCfg = Debug|Any CPU
		{13BEF39E-B1FD-438F-BE95-C5BEDDAF5405}.Debug|Any CPU.Build.0 = Debug|Any CPU
		{13BEF39E-B1FD-438F-BE95-C5BEDDAF5405}.Release|Any CPU.ActiveCfg = Release|Any CPU
		{13BEF39E-B1FD-438F-BE95-C5BEDDAF5405}.Release|Any CPU.Build.0 = Release|Any CPU
	EndGlobalSection
	GlobalSection(SolutionProperties) = preSolution
		HideSolutionNode = FALSE
	EndGlobalSection
	GlobalSection(ExtensibilityGlobals) = postSolution
		SolutionGuid = {D04BC17B-0172-4FC0-956C-4F34F831FF3D}
	EndGlobalSection
EndGlobal
